
Microsoft Visual Studio Solution File, Format Version 12.00
# Visual Studio Version 17
VisualStudioVersion = 17.0.31903.59
MinimumVisualStudioVersion = 10.0.40219.1
Project("{2150E333-8FDC-42A3-9474-1A3956D46DE8}") = "src", "src", "{827E0CD3-B72D-47B6-A68D-7590B98EB39B}"
EndProject
Project("{FAE04EC0-301F-11D3-BF4B-00C04F79EFBC}") = "Barsoft.SignalRHub.Domain", "src\Barsoft.SignalRHub.Domain\Barsoft.SignalRHub.Domain.csproj", "{092EE355-BC4F-4668-9F00-C110196C434E}"
EndProject
Project("{FAE04EC0-301F-11D3-BF4B-00C04F79EFBC}") = "Barsoft.SignalRHub.Application", "src\Barsoft.SignalRHub.Application\Barsoft.SignalRHub.Application.csproj", "{D0CC478F-BC2A-46C2-9273-B9498F8192D4}"
EndProject
Project("{FAE04EC0-301F-11D3-BF4B-00C04F79EFBC}") = "Barsoft.SignalRHub.Infrastructure", "src\Barsoft.SignalRHub.Infrastructure\Barsoft.SignalRHub.Infrastructure.csproj", "{EB8CCB9B-F4ED-4F50-A8F6-A830BF1ED79A}"
EndProject
Project("{FAE04EC0-301F-11D3-BF4B-00C04F79EFBC}") = "Barsoft.SignalRHub.Shared", "src\Barsoft.SignalRHub.Shared\Barsoft.SignalRHub.Shared.csproj", "{DF4C5AFE-D577-4A8D-AE20-808911F0C873}"
EndProject
Project("{FAE04EC0-301F-11D3-BF4B-00C04F79EFBC}") = "Barsoft.SignalRHub.DbWatcher", "src\Barsoft.SignalRHub.DbWatcher\Barsoft.SignalRHub.DbWatcher.csproj", "{B869C6F0-727F-49E3-99F7-8B49EF787DF0}"
EndProject
Project("{FAE04EC0-301F-11D3-BF4B-00C04F79EFBC}") = "Barsoft.SignalRHub.SignalRHub", "src\Barsoft.SignalRHub.SignalRHub\Barsoft.SignalRHub.SignalRHub.csproj", "{FAD0B671-3B0A-4936-B35D-F1CE88C7D051}"
EndProject
Global
	GlobalSection(SolutionConfigurationPlatforms) = preSolution
		Debug|Any CPU = Debug|Any CPU
		Debug|x64 = Debug|x64
		Debug|x86 = Debug|x86
		Release|Any CPU = Release|Any CPU
		Release|x64 = Release|x64
		Release|x86 = Release|x86
	EndGlobalSection
	GlobalSection(ProjectConfigurationPlatforms) = postSolution
		{092EE355-BC4F-4668-9F00-C110196C434E}.Debug|Any CPU.ActiveCfg = Debug|Any CPU
		{092EE355-BC4F-4668-9F00-C110196C434E}.Debug|Any CPU.Build.0 = Debug|Any CPU
		{092EE355-BC4F-4668-9F00-C110196C434E}.Debug|x64.ActiveCfg = Debug|Any CPU
		{092EE355-BC4F-4668-9F00-C110196C434E}.Debug|x64.Build.0 = Debug|Any CPU
		{092EE355-BC4F-4668-9F00-C110196C434E}.Debug|x86.ActiveCfg = Debug|Any CPU
		{092EE355-BC4F-4668-9F00-C110196C434E}.Debug|x86.Build.0 = Debug|Any CPU
		{092EE355-BC4F-4668-9F00-C110196C434E}.Release|Any CPU.ActiveCfg = Release|Any CPU
		{092EE355-BC4F-4668-9F00-C110196C434E}.Release|Any CPU.Build.0 = Release|Any CPU
		{092EE355-BC4F-4668-9F00-C110196C434E}.Release|x64.ActiveCfg = Release|Any CPU
		{092EE355-BC4F-4668-9F00-C110196C434E}.Release|x64.Build.0 = Release|Any CPU
		{092EE355-BC4F-4668-9F00-C110196C434E}.Release|x86.ActiveCfg = Release|Any CPU
		{092EE355-BC4F-4668-9F00-C110196C434E}.Release|x86.Build.0 = Release|Any CPU
		{D0CC478F-BC2A-46C2-9273-B9498F8192D4}.Debug|Any CPU.ActiveCfg = Debug|Any CPU
		{D0CC478F-BC2A-46C2-9273-B9498F8192D4}.Debug|Any CPU.Build.0 = Debug|Any CPU
		{D0CC478F-BC2A-46C2-9273-B9498F8192D4}.Debug|x64.ActiveCfg = Debug|Any CPU
		{D0CC478F-BC2A-46C2-9273-B9498F8192D4}.Debug|x64.Build.0 = Debug|Any CPU
		{D0CC478F-BC2A-46C2-9273-B9498F8192D4}.Debug|x86.ActiveCfg = Debug|Any CPU
		{D0CC478F-BC2A-46C2-9273-B9498F8192D4}.Debug|x86.Build.0 = Debug|Any CPU
		{D0CC478F-BC2A-46C2-9273-B9498F8192D4}.Release|Any CPU.ActiveCfg = Release|Any CPU
		{D0CC478F-BC2A-46C2-9273-B9498F8192D4}.Release|Any CPU.Build.0 = Release|Any CPU
		{D0CC478F-BC2A-46C2-9273-B9498F8192D4}.Release|x64.ActiveCfg = Release|Any CPU
		{D0CC478F-BC2A-46C2-9273-B9498F8192D4}.Release|x64.Build.0 = Release|Any CPU
		{D0CC478F-BC2A-46C2-9273-B9498F8192D4}.Release|x86.ActiveCfg = Release|Any CPU
		{D0CC478F-BC2A-46C2-9273-B9498F8192D4}.Release|x86.Build.0 = Release|Any CPU
		{EB8CCB9B-F4ED-4F50-A8F6-A830BF1ED79A}.Debug|Any CPU.ActiveCfg = Debug|Any CPU
		{EB8CCB9B-F4ED-4F50-A8F6-A830BF1ED79A}.Debug|Any CPU.Build.0 = Debug|Any CPU
		{EB8CCB9B-F4ED-4F50-A8F6-A830BF1ED79A}.Debug|x64.ActiveCfg = Debug|Any CPU
		{EB8CCB9B-F4ED-4F50-A8F6-A830BF1ED79A}.Debug|x64.Build.0 = Debug|Any CPU
		{EB8CCB9B-F4ED-4F50-A8F6-A830BF1ED79A}.Debug|x86.ActiveCfg = Debug|Any CPU
		{EB8CCB9B-F4ED-4F50-A8F6-A830BF1ED79A}.Debug|x86.Build.0 = Debug|Any CPU
		{EB8CCB9B-F4ED-4F50-A8F6-A830BF1ED79A}.Release|Any CPU.ActiveCfg = Release|Any CPU
		{EB8CCB9B-F4ED-4F50-A8F6-A830BF1ED79A}.Release|Any CPU.Build.0 = Release|Any CPU
		{EB8CCB9B-F4ED-4F50-A8F6-A830BF1ED79A}.Release|x64.ActiveCfg = Release|Any CPU
		{EB8CCB9B-F4ED-4F50-A8F6-A830BF1ED79A}.Release|x64.Build.0 = Release|Any CPU
		{EB8CCB9B-F4ED-4F50-A8F6-A830BF1ED79A}.Release|x86.ActiveCfg = Release|Any CPU
		{EB8CCB9B-F4ED-4F50-A8F6-A830BF1ED79A}.Release|x86.Build.0 = Release|Any CPU
		{DF4C5AFE-D577-4A8D-AE20-808911F0C873}.Debug|Any CPU.ActiveCfg = Debug|Any CPU
		{DF4C5AFE-D577-4A8D-AE20-808911F0C873}.Debug|Any CPU.Build.0 = Debug|Any CPU
		{DF4C5AFE-D577-4A8D-AE20-808911F0C873}.Debug|x64.ActiveCfg = Debug|Any CPU
		{DF4C5AFE-D577-4A8D-AE20-808911F0C873}.Debug|x64.Build.0 = Debug|Any CPU
		{DF4C5AFE-D577-4A8D-AE20-808911F0C873}.Debug|x86.ActiveCfg = Debug|Any CPU
		{DF4C5AFE-D577-4A8D-AE20-808911F0C873}.Debug|x86.Build.0 = Debug|Any CPU
		{DF4C5AFE-D577-4A8D-AE20-808911F0C873}.Release|Any CPU.ActiveCfg = Release|Any CPU
		{DF4C5AFE-D577-4A8D-AE20-808911F0C873}.Release|Any CPU.Build.0 = Release|Any CPU
		{DF4C5AFE-D577-4A8D-AE20-808911F0C873}.Release|x64.ActiveCfg = Release|Any CPU
		{DF4C5AFE-D577-4A8D-AE20-808911F0C873}.Release|x64.Build.0 = Release|Any CPU
		{DF4C5AFE-D577-4A8D-AE20-808911F0C873}.Release|x86.ActiveCfg = Release|Any CPU
		{DF4C5AFE-D577-4A8D-AE20-808911F0C873}.Release|x86.Build.0 = Release|Any CPU
		{B869C6F0-727F-49E3-99F7-8B49EF787DF0}.Debug|Any CPU.ActiveCfg = Debug|Any CPU
		{B869C6F0-727F-49E3-99F7-8B49EF787DF0}.Debug|Any CPU.Build.0 = Debug|Any CPU
		{B869C6F0-727F-49E3-99F7-8B49EF787DF0}.Debug|x64.ActiveCfg = Debug|Any CPU
		{B869C6F0-727F-49E3-99F7-8B49EF787DF0}.Debug|x64.Build.0 = Debug|Any CPU
		{B869C6F0-727F-49E3-99F7-8B49EF787DF0}.Debug|x86.ActiveCfg = Debug|Any CPU
		{B869C6F0-727F-49E3-99F7-8B49EF787DF0}.Debug|x86.Build.0 = Debug|Any CPU
		{B869C6F0-727F-49E3-99F7-8B49EF787DF0}.Release|Any CPU.ActiveCfg = Release|Any CPU
		{B869C6F0-727F-49E3-99F7-8B49EF787DF0}.Release|Any CPU.Build.0 = Release|Any CPU
		{B869C6F0-727F-49E3-99F7-8B49EF787DF0}.Release|x64.ActiveCfg = Release|Any CPU
		{B869C6F0-727F-49E3-99F7-8B49EF787DF0}.Release|x64.Build.0 = Release|Any CPU
		{B869C6F0-727F-49E3-99F7-8B49EF787DF0}.Release|x86.ActiveCfg = Release|Any CPU
		{B869C6F0-727F-49E3-99F7-8B49EF787DF0}.Release|x86.Build.0 = Release|Any CPU
		{FAD0B671-3B0A-4936-B35D-F1CE88C7D051}.Debug|Any CPU.ActiveCfg = Debug|Any CPU
		{FAD0B671-3B0A-4936-B35D-F1CE88C7D051}.Debug|Any CPU.Build.0 = Debug|Any CPU
		{FAD0B671-3B0A-4936-B35D-F1CE88C7D051}.Debug|x64.ActiveCfg = Debug|Any CPU
		{FAD0B671-3B0A-4936-B35D-F1CE88C7D051}.Debug|x64.Build.0 = Debug|Any CPU
		{FAD0B671-3B0A-4936-B35D-F1CE88C7D051}.Debug|x86.ActiveCfg = Debug|Any CPU
		{FAD0B671-3B0A-4936-B35D-F1CE88C7D051}.Debug|x86.Build.0 = Debug|Any CPU
		{FAD0B671-3B0A-4936-B35D-F1CE88C7D051}.Release|Any CPU.ActiveCfg = Release|Any CPU
		{FAD0B671-3B0A-4936-B35D-F1CE88C7D051}.Release|Any CPU.Build.0 = Release|Any CPU
		{FAD0B671-3B0A-4936-B35D-F1CE88C7D051}.Release|x64.ActiveCfg = Release|Any CPU
		{FAD0B671-3B0A-4936-B35D-F1CE88C7D051}.Release|x64.Build.0 = Release|Any CPU
		{FAD0B671-3B0A-4936-B35D-F1CE88C7D051}.Release|x86.ActiveCfg = Release|Any CPU
		{FAD0B671-3B0A-4936-B35D-F1CE88C7D051}.Release|x86.Build.0 = Release|Any CPU
	EndGlobalSection
	GlobalSection(SolutionProperties) = preSolution
		HideSolutionNode = FALSE
	EndGlobalSection
	GlobalSection(NestedProjects) = preSolution
		{092EE355-BC4F-4668-9F00-C110196C434E} = {827E0CD3-B72D-47B6-A68D-7590B98EB39B}
		{D0CC478F-BC2A-46C2-9273-B9498F8192D4} = {827E0CD3-B72D-47B6-A68D-7590B98EB39B}
		{EB8CCB9B-F4ED-4F50-A8F6-A830BF1ED79A} = {827E0CD3-B72D-47B6-A68D-7590B98EB39B}
		{DF4C5AFE-D577-4A8D-AE20-808911F0C873} = {827E0CD3-B72D-47B6-A68D-7590B98EB39B}
		{B869C6F0-727F-49E3-99F7-8B49EF787DF0} = {827E0CD3-B72D-47B6-A68D-7590B98EB39B}
		{FAD0B671-3B0A-4936-B35D-F1CE88C7D051} = {827E0CD3-B72D-47B6-A68D-7590B98EB39B}
	EndGlobalSection
EndGlobal
